# THIS IS AN AUTOGENERATED FILE. DO NOT EDIT THIS FILE DIRECTLY.
# yarn lockfile v1


"@pixi/accessibility@6.1.3":
  version "6.1.3"
  resolved "https://registry.yarnpkg.com/@pixi/accessibility/-/accessibility-6.1.3.tgz#39fccd638a9c8fba7e60ae25d1acce57e6d49ecc"
  integrity sha512-JK6rtqfC2/rnJt1xLPznH2lNH0Jx9f2Py7uh50VM1sqoYrkyAAegenbOdyEzgB35Q4oQji3aBkTsWn2mrwXp/g==

"@pixi/app@6.1.3":
  version "6.1.3"
  resolved "https://registry.yarnpkg.com/@pixi/app/-/app-6.1.3.tgz#3a3c50788b65317ee2f394231f84efc9142870e0"
  integrity sha512-gryDVXuzErRIgY5G2CRQH6fZM7Pk3m1CFEInXEKa4rmVzfwRz+3OeU0YNSnD9atPAS5C2TaAzE4yOSHH2+wESQ==

"@pixi/compressed-textures@6.1.3":
  version "6.1.3"
  resolved "https://registry.yarnpkg.com/@pixi/compressed-textures/-/compressed-textures-6.1.3.tgz#1a3653decf1a826b332601c0f93f7ddc2a2d5fa2"
  integrity sha512-FO2B7GhDMlZA0fnpH2PvNOh6ZlRxQoJnNlpjzNw+x1nvF9h3+V6dbFoG9oBC5zAisTfacdfoo1TdT789Oh+kTg==

"@pixi/constants@6.1.3":
  version "6.1.3"
  resolved "https://registry.yarnpkg.com/@pixi/constants/-/constants-6.1.3.tgz#0de755b8616a5e290a7f6f61074afbe7ca9e8323"
  integrity sha512-Qvz/SIxw+dQ6P9niOEdILWX2DQ5FnGA0XZNFLW/3amekzad/+WqHobL+Mg5S6A4/a9mXTnqjyB0BqhhtLfpFkA==

"@pixi/core@6.1.3":
  version "6.1.3"
  resolved "https://registry.yarnpkg.com/@pixi/core/-/core-6.1.3.tgz#4a94178f211f1b66d544b7174063c546883c8234"
  integrity sha512-UQsR1Q7c+Zcvtu6HrYMidvoyF/j9n3b4WXPh3ojuNV6+ZIvps3rznoZYaIx6foEJNhj7HM9fMObsimGP+FB36A==

"@pixi/display@6.1.3":
  version "6.1.3"
  resolved "https://registry.yarnpkg.com/@pixi/display/-/display-6.1.3.tgz#541cbeb7d64a5253a1d5bc8f878fa7335c043f40"
  integrity sha512-8/GdapJVKfl6PUkxX/Et5zB1aXny+uy353cQX886KJ6dGle82fQAYjIn7I6Xm+JiZWOhWo0N6KE9cjotO0rroA==

"@pixi/extract@6.1.3":
  version "6.1.3"
  resolved "https://registry.yarnpkg.com/@pixi/extract/-/extract-6.1.3.tgz#e8e2a24a2cc87b52a63c791745d2e272a8a13520"
  integrity sha512-yZOsXc9Lh+U59ayl+DoWDPmndrOJj5ft2nzENMAvz2rVEOHQjWxH73qCSP6Wa5VsoINyJLMmV4MTbI+U0SH7GA==

"@pixi/filter-adjustment@4.1.3":
  version "4.1.3"
  resolved "https://registry.yarnpkg.com/@pixi/filter-adjustment/-/filter-adjustment-4.1.3.tgz#61e34b4dd9766ccf40463f0538201bf68f78df66"
  integrity sha512-W+NhPiZRYKoRToa5+tkU95eOw8gnS5dfIp3ZP+pLv2mdER9RI+4xHxp1uLHMqUYZViTaMdZIIoVOuCgHFPYCbQ==

"@pixi/filter-advanced-bloom@4.1.5":
  version "4.1.5"
  resolved "https://registry.yarnpkg.com/@pixi/filter-advanced-bloom/-/filter-advanced-bloom-4.1.5.tgz#9c8b7d087c896083f3f13541cd40c50add1d6388"
  integrity sha512-Iun+tOrAvnsIhlrTNxQJoeGMLNuxafgkxqaGLibAvE6/Xx6zquM0LCLNn9twKuVQ+qUP1HUti/Mf/kbyiwAbNw==
  dependencies:
    "@pixi/filter-kawase-blur" "4.1.5"

"@pixi/filter-alpha@6.1.3":
  version "6.1.3"
  resolved "https://registry.yarnpkg.com/@pixi/filter-alpha/-/filter-alpha-6.1.3.tgz#4dafbefb8309386ae42d7330c1521caef15c6a96"
  integrity sha512-eubgEO/qlxQbuPXgwxTZxTBTWjA0EQbrs7TyPqyBK2Wj0eEvimaVQ8u4eiqfMFJCZLnuWDCAPJpP9bMHxBXXpQ==

"@pixi/filter-ascii@4.1.5":
  version "4.1.5"
  resolved "https://registry.yarnpkg.com/@pixi/filter-ascii/-/filter-ascii-4.1.5.tgz#c2dc5ce4fea837d60b46ad6b2b36ad1219fa6275"
  integrity sha512-zrknFA1qM36IXYGmDmTa/chwU2bt/Q4R2N/rs3q7T8wFHS+PkbWhj2Juuy6TQ7OpQZE2t3I6JQL/zgA5vvXzDg==

"@pixi/filter-bevel@4.1.5":
  version "4.1.5"
  resolved "https://registry.yarnpkg.com/@pixi/filter-bevel/-/filter-bevel-4.1.5.tgz#142ee7658f72197944b3cbdc5aa54d13d17d4400"
  integrity sha512-QMSQWWiiWjx2rKxu+Ah+CEEceeH4UvsgU9xmSZfVV2W4PmV3Z1lg7MsWM9VB1JbHlx8eoMq/Ge/+5NH7/Fbcqg==

"@pixi/filter-bloom@4.1.5":
  version "4.1.5"
  resolved "https://registry.yarnpkg.com/@pixi/filter-bloom/-/filter-bloom-4.1.5.tgz#f37dfebac6ccc45e546329390471f0fe8ea5d097"
  integrity sha512-/u+9BNCGUU1Qc5DyThbQv3TRL2T7mQTLTXyiXN5itqo/+LtZ5J+yjw1sHw0pSLfWYAnYa+biq5rwO5jD7+yx8A==

"@pixi/filter-blur@6.1.3":
  version "6.1.3"
  resolved "https://registry.yarnpkg.com/@pixi/filter-blur/-/filter-blur-6.1.3.tgz#c50e38f518dd85c5fc24d8f520777cc2a80d7714"
  integrity sha512-uo8FHpV+qm4SuXcDnWqZWrznHmLJ3b8ibgLAgi/e8VmwrFiC+EqGa4n4V8J+xtR5P/iA3lT5pRgWw09/xHN3dQ==

"@pixi/filter-bulge-pinch@4.1.5":
  version "4.1.5"
  resolved "https://registry.yarnpkg.com/@pixi/filter-bulge-pinch/-/filter-bulge-pinch-4.1.5.tgz#aaeb31df9191ef42d553a615cd37e27af8359eeb"
  integrity sha512-qdxoaRjYCUDE/YhIybc6RpsDeUtk79T4sKqJOLGntIQAF3aeM62yzBH/e///by2wqrTQs+F+9Hp6DgPfsqQuMQ==

"@pixi/filter-color-map@4.1.5":
  version "4.1.5"
  resolved "https://registry.yarnpkg.com/@pixi/filter-color-map/-/filter-color-map-4.1.5.tgz#ffa685356c666295fe66c0c871196b0ae13a5e29"
  integrity sha512-L7cAM/5G0JKz8cJCFSDWageQonC8iG7eEvEyhz/L/ENqWI7pg2LIldqvK9vIc2HE9HjvkdoDQAb4vfm3OhMHkA==

"@pixi/filter-color-matrix@6.1.3":
  version "6.1.3"
  resolved "https://registry.yarnpkg.com/@pixi/filter-color-matrix/-/filter-color-matrix-6.1.3.tgz#a04f105adfaf9628f4122fcd01a5af295bd98cab"
  integrity sha512-d1pyxmVrGDOrO5pINe+fTspj1NNxiIp2IZ+FGgT7e17xnxjXTvtk4n4KqXAZFS1NCoStImDAV5j+b8Lysdg5jQ==

"@pixi/filter-color-overlay@4.1.5":
  version "4.1.5"
  resolved "https://registry.yarnpkg.com/@pixi/filter-color-overlay/-/filter-color-overlay-4.1.5.tgz#db9bc841228c41f469267d09e566006496dfe3f1"
  integrity sha512-hT29sEBkcEzRdNFKlzHvzOJ0nJh2XKuuyiQkgr9IwA6x6GZ5UCX5ybJl7cfr/NKpujvxGIXknQNdPU7MWonJOQ==

"@pixi/filter-color-replace@4.1.5":
  version "4.1.5"
  resolved "https://registry.yarnpkg.com/@pixi/filter-color-replace/-/filter-color-replace-4.1.5.tgz#c58cb6b7283781b56bcf1075be8ad6c15795d125"
  integrity sha512-2nHaOHMsIggA+oM/LYZb8TdwMG6YiB3Q6ux8dcZsXAeYrR06gzGJFKzq5iGoyZ4ADwGwHzzNuPkzEAGshfGm1Q==

"@pixi/filter-convolution@4.1.5":
  version "4.1.5"
  resolved "https://registry.yarnpkg.com/@pixi/filter-convolution/-/filter-convolution-4.1.5.tgz#37607a13f8d3fb94393dee64eebecfde105899e8"
  integrity sha512-QRESMmSXVSdt2hx1BQL/mMXNxgFaBfxT8txUllyAv/MVLBj2itKv9wwzFCdk6FQtTGG8LfffILPxjaLKgASZKg==

"@pixi/filter-cross-hatch@4.1.3":
  version "4.1.3"
  resolved "https://registry.yarnpkg.com/@pixi/filter-cross-hatch/-/filter-cross-hatch-4.1.3.tgz#d5eb38d7e9f4c532755fe82c2de343275bf86f4b"
  integrity sha512-tnRwOR0POApJMTP3dggj9UQszikIZOU8Z9jjzB4pyKHSCNGFuALkN2CkjMyOojA0Cxtia0HbmU5v+CzSahOwVQ==

"@pixi/filter-crt@4.1.5":
  version "4.1.5"
  resolved "https://registry.yarnpkg.com/@pixi/filter-crt/-/filter-crt-4.1.5.tgz#19a98391d00cffa99befabf54b02ca7c47ddaf2c"
  integrity sha512-UKvLnuD5CAq5EgClRdXcBkePRxJd4+FQU3i1n58U48HGUm7ynemwkPYwO2fv+3HIpJuee9rXPQ5Y8qwl7Q0hEw==

"@pixi/filter-displacement@6.1.3":
  version "6.1.3"
  resolved "https://registry.yarnpkg.com/@pixi/filter-displacement/-/filter-displacement-6.1.3.tgz#a806f598298852d5165e7a1a20f0b8b0cc41a121"
  integrity sha512-tIXK8vXzb2unMxGmu4gjdlOwddnkHA0IJXFTOF25a5h36v/AHqWwWG4h5G775oPu37UuhuYjeD/j229t0Q9QNQ==

"@pixi/filter-dot@4.1.5":
  version "4.1.5"
  resolved "https://registry.yarnpkg.com/@pixi/filter-dot/-/filter-dot-4.1.5.tgz#0715e7b8e1ec006269f48418f5cdad187cf944ba"
  integrity sha512-+JDKJIfYMZnqbtnBw4EmNtXrmez8jdrKjBZ6P8o9WW7KOcSw57xlVFEuJAZHguxfqKHwbrkCsIY/NvZW0iZHJw==

"@pixi/filter-drop-shadow@4.1.5":
  version "4.1.5"
  resolved "https://registry.yarnpkg.com/@pixi/filter-drop-shadow/-/filter-drop-shadow-4.1.5.tgz#8eb6320ac45f1b218066ffe8e46a692a2706ba5d"
  integrity sha512-3QmoLOfGGrdDKzarXcViWSMTeWlPXCuMy9M/sXFHWSTapBa4TQ6m1It4pv+2jGAty/dWG98l8/68vxlIFuqy7A==
  dependencies:
    "@pixi/filter-kawase-blur" "4.1.5"

"@pixi/filter-emboss@4.1.5":
  version "4.1.5"
  resolved "https://registry.yarnpkg.com/@pixi/filter-emboss/-/filter-emboss-4.1.5.tgz#e252bb109e2a9d0c63025e79caa0bf1fe33defbc"
  integrity sha512-Dl5miB/cR+JopN477pBIk1RHMVkUcrtPGyekh/PdgNSu5Xlp+tuBWMprBvUFcoZLlW8BtTsphjnmPMOgJugNtQ==

"@pixi/filter-fxaa@6.1.3":
  version "6.1.3"
  resolved "https://registry.yarnpkg.com/@pixi/filter-fxaa/-/filter-fxaa-6.1.3.tgz#dc2621e0a0ad4e7032ca7dba8d904cf3f1272b52"
  integrity sha512-yhKVxX5vFKQz3lxfqAGg4XoajFyIRR8XzWqEHgAsPMFRnIIQIbF25bMRygZj12P61z3vxwqAM/2bn7S46Ii1zQ==

"@pixi/filter-glitch@4.1.5":
  version "4.1.5"
  resolved "https://registry.yarnpkg.com/@pixi/filter-glitch/-/filter-glitch-4.1.5.tgz#b657a2a79eedc645b7a77e0afb96dbf7413c5e8b"
  integrity sha512-x7l7XbrLqCoScYfRZmy/x1/KXOGXWpf7a4fcygc+n+jIm/IFwA93KvSJx9reBQzcONl5JXBOJVnFeLYcjP5J3w==

"@pixi/filter-glow@4.1.5":
  version "4.1.5"
  resolved "https://registry.yarnpkg.com/@pixi/filter-glow/-/filter-glow-4.1.5.tgz#bd92a6eca3320b71e8c3651fea26c56480a7b640"
  integrity sha512-Km+30k1dMlmAn2QuzdR1qhGIiyRRrSLknS0aVxvFlCoIlBlSN6ii9eo2sn1FQxjJq3A977kwYrhrcZS/Y5SrwQ==

"@pixi/filter-godray@4.1.5":
  version "4.1.5"
  resolved "https://registry.yarnpkg.com/@pixi/filter-godray/-/filter-godray-4.1.5.tgz#00638291f7727810ba1b225af1ccb08cfd0682a9"
  integrity sha512-SKRXKL3iCOBMGjPcH+AbrzPirRigQVd3xC9d2RbDaLANh62qUEn6Ajmj44j19I9KpSugi+pVso74fxvFiISUhw==

"@pixi/filter-kawase-blur@4.1.5":
  version "4.1.5"
  resolved "https://registry.yarnpkg.com/@pixi/filter-kawase-blur/-/filter-kawase-blur-4.1.5.tgz#c84fd3f452bfa44aaba4cba0c43a2b6071e0c6b2"
  integrity sha512-YVzzfLoUMKYeEMuuj4TfpTJ1p14nBV/+JnWVL5dC63VuCQ1YMxzSmc6ahGNfbex0+nvhyKPWe87aO7jzX0waoA==

"@pixi/filter-motion-blur@4.1.5":
  version "4.1.5"
  resolved "https://registry.yarnpkg.com/@pixi/filter-motion-blur/-/filter-motion-blur-4.1.5.tgz#b989b06d47bf5c398c89f9616f92feee3b0bea71"
  integrity sha512-ah2ylUJ/P3NLaOHvO9vPJoUZo0tgqQ7jnR9c35bL/2ApgGfrlTeCb4sFzFaJ3IA0TiIt3ZMxK4UGMcVLWnTEmg==

"@pixi/filter-multi-color-replace@4.1.5":
  version "4.1.5"
  resolved "https://registry.yarnpkg.com/@pixi/filter-multi-color-replace/-/filter-multi-color-replace-4.1.5.tgz#f205296b5275d74f843a018c06688d4d598a06f8"
  integrity sha512-cLrTfnp/Qoa9I70VGrOWqQdFD9L0l4XkaiXIwwbajUsl/xY0LjoCZtAUrBTztgjfUF9aEZVJhGlkAaXcNDONlQ==

"@pixi/filter-noise@6.1.3":
  version "6.1.3"
  resolved "https://registry.yarnpkg.com/@pixi/filter-noise/-/filter-noise-6.1.3.tgz#e369b390202f4b930cb1eee880fca4a7f71d001e"
  integrity sha512-oVRtcJwbN6VnAnvXZuLEZ0c12JUzporao5AziXgRAUjTMA3bFVE0/7Dx193Kx/l6UAasmzhWQctuv6NMxy5Efw==

"@pixi/filter-old-film@4.1.5":
  version "4.1.5"
  resolved "https://registry.yarnpkg.com/@pixi/filter-old-film/-/filter-old-film-4.1.5.tgz#2aae40cb1abb4e7692a70c4c0beab15f6ac895cc"
  integrity sha512-ea5xgapjr3zcYFiY7s2yQjLR5QDEZK7IIG3KT8RXVgODCCy1oI/lUP1dJFbCoGR6u22KgJavFiWO8oRHE4U62A==

"@pixi/filter-outline@4.1.5":
  version "4.1.5"
  resolved "https://registry.yarnpkg.com/@pixi/filter-outline/-/filter-outline-4.1.5.tgz#d44f63fb40e80ea8719a4f72a8f5453c1244b515"
  integrity sha512-tm0lQR5fGFz0g7GQamRGhf5vkzj4aYLTv0MCK98KaK1L45agzRioJgzicVkuSu6J/SMMvT4O6XSGax0z4fTs9Q==

"@pixi/filter-pixelate@4.1.3":
  version "4.1.3"
  resolved "https://registry.yarnpkg.com/@pixi/filter-pixelate/-/filter-pixelate-4.1.3.tgz#8200ccf4e47803a5b2f86ab3a755d438769b0e37"
  integrity sha512-1YEc46GO08C2nc54P/9yxWH7TaVTNoJe+EEvuXKiSITVadr4fEizkm607m+VAt6Ngv6bYpCAxO36HoRTFf3mAw==

"@pixi/filter-radial-blur@4.1.5":
  version "4.1.5"
  resolved "https://registry.yarnpkg.com/@pixi/filter-radial-blur/-/filter-radial-blur-4.1.5.tgz#ac4fbb513e5056bdc9a4f518a02f2d715061f874"
  integrity sha512-CcJQyLADa7wSqH9gEiR2luqb1DbTDKDM5zjg7Eyy9XGjHl3bKMq8Njy4q3sR7jrf9rkPa0ouuTvTwFI9Fdj5VA==

"@pixi/filter-reflection@4.1.5":
  version "4.1.5"
  resolved "https://registry.yarnpkg.com/@pixi/filter-reflection/-/filter-reflection-4.1.5.tgz#a73f18a2b2c336e6b0a1f048343196f155e91e2e"
  integrity sha512-g+L4newRZa6GmozWEgAnilLi4xAygqyJYafGGvL588UYIVPtHbm7g7/SQyhSbuXNIMF2Semu0BDSl9IW24txEQ==

"@pixi/filter-rgb-split@4.1.3":
  version "4.1.3"
  resolved "https://registry.yarnpkg.com/@pixi/filter-rgb-split/-/filter-rgb-split-4.1.3.tgz#dfe68d36cf344b2644ceee9fd50f1bd970639b12"
  integrity sha512-oPbDz5PlpDqJh8+Z87k9l3mZQCcyZTU1/45hd5Y9H+CoTWsBGcRE7jJFUVW4TjDPlTjVCkBXkOgbz1fVzPPhFg==

"@pixi/filter-shockwave@4.1.5":
  version "4.1.5"
  resolved "https://registry.yarnpkg.com/@pixi/filter-shockwave/-/filter-shockwave-4.1.5.tgz#2500f52f0ef77d790bc4890cc6d32c3a88bdf0c5"
  integrity sha512-L9i12+2UIIIwxGdXeBBq1WNTexWgwdYIyq6NqG0dlet1qW8++4KxgLYERCT1lpPjDxUmD2SkOU9VR3sGJOP8pQ==

"@pixi/filter-simple-lightmap@4.1.5":
  version "4.1.5"
  resolved "https://registry.yarnpkg.com/@pixi/filter-simple-lightmap/-/filter-simple-lightmap-4.1.5.tgz#6b6c35e4e3f6079091d494aab2394f88b203c31c"
  integrity sha512-uwbHIWHc7sgTzS8vHITy4BiU4s2ZmmV00cvqVbpTYlL0YrqgYHbXF9ZYoF601YTV4VMYIi0IazRQEZgHifUUWg==

"@pixi/filter-tilt-shift@4.1.5":
  version "4.1.5"
  resolved "https://registry.yarnpkg.com/@pixi/filter-tilt-shift/-/filter-tilt-shift-4.1.5.tgz#cbdf2c658648ca50f2250ef0efe7eacf04ed8d5d"
  integrity sha512-6dJa40UJ+Dtd7D64aS7N0zv92rdkKCBUaG2eUNQR7Xufo+Vm3u8+y7DpDgcNPWPjL30K6oedGiOtc6V6T/qfqQ==

"@pixi/filter-twist@4.1.5":
  version "4.1.5"
  resolved "https://registry.yarnpkg.com/@pixi/filter-twist/-/filter-twist-4.1.5.tgz#1baaa591ad50b85fcacc1a201150470f6a8dd2ca"
  integrity sha512-O5GNcAm3cxFZe+s6tpN40MAl/NEpRbqlgTx2YAw6ZhJP2/pZ0eTu68qLNloAmOIwp0FksfOupt/WVrW4zzZBYA==

"@pixi/filter-zoom-blur@4.1.5":
  version "4.1.5"
  resolved "https://registry.yarnpkg.com/@pixi/filter-zoom-blur/-/filter-zoom-blur-4.1.5.tgz#7602636fc6b19c0c0f26cc4db26fb838593e5ae8"
  integrity sha512-peynWrG88pF4GYXLLmrQFc1tl/yZWkE0Vken4i0I2rpwvUPkyzYPgMYeRUG+/DsP/q+5+dopnzHOrrdJORgF2w==

"@pixi/graphics@6.1.3":
  version "6.1.3"
  resolved "https://registry.yarnpkg.com/@pixi/graphics/-/graphics-6.1.3.tgz#aeb6c9acc09b023275ac5bc08c0840272588fa35"
  integrity sha512-e5O47yECRp5WXWIvKhLDQKpiak7CfIqJzuTuQIyE7jXp8QiJNw+aoWNlJEd4ksKbsDkP3EE39CxlmiaBpxNL3w==

"@pixi/interaction@6.1.3":
  version "6.1.3"
  resolved "https://registry.yarnpkg.com/@pixi/interaction/-/interaction-6.1.3.tgz#12a3217efa1c5181d50c97c2a8700cd35bb59b32"
  integrity sha512-ju3fE/KnO6KZChnZzZAdY6bfjlSh7/igZcVcd/MZRkAdNozx4QoN5sYmwrcvTvA5llMYaThSIRWgIHQiSlbOfQ==

"@pixi/loaders@6.1.3":
  version "6.1.3"
  resolved "https://registry.yarnpkg.com/@pixi/loaders/-/loaders-6.1.3.tgz#d2f6b13b16898638d6c23639ffaa5dcbc0ae0344"
  integrity sha512-qOvy72bsVGzCmWyoofm6dm1l//hd+bJneidngplwsovpqnnyMfuewCpQjeLRL6rLqcHR40V1+Qo4iJ+ElMdVZQ==

"@pixi/math@6.1.3":
  version "6.1.3"
  resolved "https://registry.yarnpkg.com/@pixi/math/-/math-6.1.3.tgz#a10e8ae78e33ee05cf30feb4fcd8474a9a2e4d12"
  integrity sha512-1bLZeHpG38Bz6TESwxayNbL7tztOd7gpZDXS5OiBB9n8SFZeKlWfRQ/aJrvjoBz2qsZf9gGeVKsHpC/FJz0qnA==

"@pixi/mesh-extras@6.1.3":
  version "6.1.3"
  resolved "https://registry.yarnpkg.com/@pixi/mesh-extras/-/mesh-extras-6.1.3.tgz#951ad3ccc86529f304a5434eb5b826378177d061"
  integrity sha512-HuTV8SkTQZDU1bmHmJWRo+4Hiz89oCuOonE3ckfqsoAoULfImgU72qqNIq7Vxmnu3kXoXAwV+fvOl49OzWl4+w==

"@pixi/mesh@6.1.3":
  version "6.1.3"
  resolved "https://registry.yarnpkg.com/@pixi/mesh/-/mesh-6.1.3.tgz#a7e124643eade3579865f83dfa4f594f1578269d"
  integrity sha512-TF9eKNQdowozVOr4G05+Auku2EK8XwDXKYVvMYvt6Tsn2DLSrRhWl7xYyj4EuTjW/4eaP/c2QqY18cEMoMtJiQ==

"@pixi/mixin-cache-as-bitmap@6.1.3":
  version "6.1.3"
  resolved "https://registry.yarnpkg.com/@pixi/mixin-cache-as-bitmap/-/mixin-cache-as-bitmap-6.1.3.tgz#2dda4d33f7262661075a8c8ca41fc173e3687832"
  integrity sha512-mEa0kn3Mou3KhbAUpaGnvmPz/ifI/41af1N6kVcTz1V8cu4BI/f74xLv5pKkQtp+xzWlquGo/2z9urkrRFD6qA==

"@pixi/mixin-get-child-by-name@6.1.3":
  version "6.1.3"
  resolved "https://registry.yarnpkg.com/@pixi/mixin-get-child-by-name/-/mixin-get-child-by-name-6.1.3.tgz#103dd6c4e94836512a0ce60f5af8e9b23e3f9b0c"
  integrity sha512-HHrnA1MtsMSyW0lOnBlklHp7j3JGYHIyick4b8F8p8eKqOFiAVdLzf4tmX/fKF4zs6i7DuYKE8G9Z7vpAhyrFg==

"@pixi/mixin-get-global-position@6.1.3":
  version "6.1.3"
  resolved "https://registry.yarnpkg.com/@pixi/mixin-get-global-position/-/mixin-get-global-position-6.1.3.tgz#a885291ee111933eb8e7f1e0064ca4ec13110651"
  integrity sha512-XqhEyViMlGOS+p2LKW2tFjQy4ghbARKriwgY10MGvNApHHZbUDL3VKM1EmR6F2Xj8PPmycWRw/0oBu148O2KhQ==

"@pixi/particle-container@6.1.3":
  version "6.1.3"
  resolved "https://registry.yarnpkg.com/@pixi/particle-container/-/particle-container-6.1.3.tgz#4c2d35f7da4ad000062ff5cc9fda09e32b400632"
  integrity sha512-pZqRRL5Yx2Yy30cdjsNEXRpTfl1WEf640ZLVHX2+fcKcWftPJaIXQZR+0aLvijyWF3VA4O/r/8IxhYgiMkqAUQ==

"@pixi/polyfill@6.1.3":
  version "6.1.3"
  resolved "https://registry.yarnpkg.com/@pixi/polyfill/-/polyfill-6.1.3.tgz#3bb1025de2c98c56a86ae46281286e38a4300f01"
  integrity sha512-e+g2sHK/ORKDOrhJ86zZgdMSkQNzKdkaMw/UUFZ5wEUJgltoqF7H0zwNVPPO/1m7hfrN02PBMinYtXM+qFdY/A==
  dependencies:
    object-assign "^4.1.1"
    promise-polyfill "^8.2.0"

"@pixi/prepare@6.1.3":
  version "6.1.3"
  resolved "https://registry.yarnpkg.com/@pixi/prepare/-/prepare-6.1.3.tgz#21cb4e8f2af841aee8771c4aeb92b7f6728706f1"
  integrity sha512-zjv81fPJjdQyWGCbA9Ij04GfwJUYA3j6/vFyJFaDKVMqEWzNDJwu40G00P23BXh3F5dYL638EXvyLYDQavjseg==

"@pixi/runner@6.1.3":
  version "6.1.3"
  resolved "https://registry.yarnpkg.com/@pixi/runner/-/runner-6.1.3.tgz#603ec9187946a16e7e17fdb6c73ea134b1610770"
  integrity sha512-hJw7O9enlei7Cp5/j2REKuUjvyyC4BGqmVycmt01jTYyphRYMNQgyF+OjwrL7nidZMXnCVzfNKWi8e5+c4wssg==

"@pixi/settings@6.1.3":
  version "6.1.3"
  resolved "https://registry.yarnpkg.com/@pixi/settings/-/settings-6.1.3.tgz#bd1c634c02a6175657009279b36a7b1f73e40565"
  integrity sha512-laKwS4/R+bTQokKIeMeMO4orvSNTMWUpNRXJbDq7N29bCrA5pT6BW+LNZ+4gJs4TFK/s9bmP/xU5BlPVKHRoyg==
  dependencies:
    ismobilejs "^1.1.0"

"@pixi/sprite-animated@6.1.3":
  version "6.1.3"
  resolved "https://registry.yarnpkg.com/@pixi/sprite-animated/-/sprite-animated-6.1.3.tgz#e9856c68c421a1a0d59c7ba3dfdf8944fa7265d4"
  integrity sha512-COrFkmcMPxyv3zGRJJrNB2nOdaeDEOYTkbxUcNxMSJ7eT3O3PUX5XEvfOW7bl2zHkt8XraIQ66uwWychqGHx7Q==

"@pixi/sprite-tiling@6.1.3":
  version "6.1.3"
  resolved "https://registry.yarnpkg.com/@pixi/sprite-tiling/-/sprite-tiling-6.1.3.tgz#e121d1098f55fe8307068ce130295d62982a440b"
  integrity sha512-om+RrModhNFljb8C1fhpGKtgt5k5AW9gCjFfeBPN+5pVdVjtc/luyO2Cbubpeow9YQldrUZri9it63GBo07Cfw==

"@pixi/sprite@6.1.3":
  version "6.1.3"
  resolved "https://registry.yarnpkg.com/@pixi/sprite/-/sprite-6.1.3.tgz#3d3adf37abfcbdf36166079d6640eefede6cb4a5"
  integrity sha512-TzvqeRV+bbxFbucR74c28wcDsCbXic+5dONM+fy31ejAIraKbigzKbgHxH6opgLEMMh5APzmJPlwntYdEUGSXQ==

"@pixi/spritesheet@6.1.3":
  version "6.1.3"
  resolved "https://registry.yarnpkg.com/@pixi/spritesheet/-/spritesheet-6.1.3.tgz#4ffd26fd523eccf7c15648593121b4ad851f953e"
  integrity sha512-QUqAYUzn/+0JlzrLo7ASIFzJSteGZuNMxKwyFL29JtttUIjdJlXe3+jrfUMAu6gewYd9HVYkXJ0ODhH8PH6KpA==

"@pixi/text-bitmap@6.1.3":
  version "6.1.3"
  resolved "https://registry.yarnpkg.com/@pixi/text-bitmap/-/text-bitmap-6.1.3.tgz#d4f75a6e50236eb6e36d2ea2be0b86653a5bf0dc"
  integrity sha512-x46qOVoosl67dBrG3mgd2eQx3A9NTxWUnzgRpk5vsNfLLNRu6XlM+YoscRMuHT5sLEEBLewjcVxzAAkrSW45eQ==

"@pixi/text@6.1.3":
  version "6.1.3"
  resolved "https://registry.yarnpkg.com/@pixi/text/-/text-6.1.3.tgz#199dabee7693bfde50da397ad149c403b040934e"
  integrity sha512-R0D3cbwwLbQOfobja4NGhq0bF7biCfNE3PXsOmTEsWOroVJqUexIob5XZXoT9Avy3B8nlrB2Hyl5imIQx60jFw==

"@pixi/ticker@6.1.3":
  version "6.1.3"
  resolved "https://registry.yarnpkg.com/@pixi/ticker/-/ticker-6.1.3.tgz#cbfed106bed40677349639263dfc5662044acb18"
  integrity sha512-ZSuhe5HrmkDoqSIZjETUGYCQr/EbtDQGngq0LQLAgblyhAJbi4p/B3uf2XGfRNZ7Tdxdl0j81BmUqBEu2+DeoA==

"@pixi/utils@6.1.3":
  version "6.1.3"
  resolved "https://registry.yarnpkg.com/@pixi/utils/-/utils-6.1.3.tgz#322341ed314b70055d56bf1e9898ee99a58ff525"
  integrity sha512-05mm9TBbpYorYO3ALC4CVgR5K6sA/0uhnwE/Zl4ZhNJZN699LrIr0OWFQhxhySeGUPMDaizeEZpn2rhx+CYYpg==
  dependencies:
    "@types/earcut" "^2.1.0"
    earcut "^2.2.2"
    eventemitter3 "^3.1.0"
    url "^0.11.0"

"@types/earcut@^2.1.0":
  version "2.1.1"
  resolved "https://registry.yarnpkg.com/@types/earcut/-/earcut-2.1.1.tgz#573a0af609f17005c751f6f4ffec49cfe358ea51"
  integrity sha512-w8oigUCDjElRHRRrMvn/spybSMyX8MTkKA5Dv+tS1IE/TgmNZPqUYtvYBXGY8cieSE66gm+szeK+bnbxC2xHTQ==

earcut@^2.2.2:
  version "2.2.3"
  resolved "https://registry.yarnpkg.com/earcut/-/earcut-2.2.3.tgz#d44ced2ff5a18859568e327dd9c7d46b16f55cf4"
  integrity sha512-iRDI1QeCQIhMCZk48DRDMVgQSSBDmbzzNhnxIo+pwx3swkfjMh6vh0nWLq1NdvGHLKH6wIrAM3vQWeTj6qeoug==

esbuild-android-arm64@0.13.8:
  version "0.13.8"
  resolved "https://registry.yarnpkg.com/esbuild-android-arm64/-/esbuild-android-arm64-0.13.8.tgz#c20e875c3c98164b1ffba9b28637bdf96f5e9e7c"
  integrity sha512-AilbChndywpk7CdKkNSZ9klxl+9MboLctXd9LwLo3b0dawmOF/i/t2U5d8LM6SbT1Xw36F8yngSUPrd8yPs2RA==

esbuild-darwin-64@0.13.8:
  version "0.13.8"
  resolved "https://registry.yarnpkg.com/esbuild-darwin-64/-/esbuild-darwin-64-0.13.8.tgz#f46e6b471ddbf62265234808a6a1aa91df18a417"
  integrity sha512-b6sdiT84zV5LVaoF+UoMVGJzR/iE2vNUfUDfFQGrm4LBwM/PWXweKpuu6RD9mcyCq18cLxkP6w/LD/w9DtX3ng==

esbuild-darwin-arm64@0.13.8:
  version "0.13.8"
  resolved "https://registry.yarnpkg.com/esbuild-darwin-arm64/-/esbuild-darwin-arm64-0.13.8.tgz#a991157a6013facd4f2e14159b7da52626c90154"
  integrity sha512-R8YuPiiJayuJJRUBG4H0VwkEKo6AvhJs2m7Tl0JaIer3u1FHHXwGhMxjJDmK+kXwTFPriSysPvcobXC/UrrZCQ==

esbuild-freebsd-64@0.13.8:
  version "0.13.8"
  resolved "https://registry.yarnpkg.com/esbuild-freebsd-64/-/esbuild-freebsd-64-0.13.8.tgz#301601d2e443ad458960e359b402a17d9500be9d"
  integrity sha512-zBn6urrn8FnKC+YSgDxdof9jhPCeU8kR/qaamlV4gI8R3KUaUK162WYM7UyFVAlj9N0MyD3AtB+hltzu4cysTw==

esbuild-freebsd-arm64@0.13.8:
  version "0.13.8"
  resolved "https://registry.yarnpkg.com/esbuild-freebsd-arm64/-/esbuild-freebsd-arm64-0.13.8.tgz#039a63acc12ec0892006c147ea221e55f9125a9f"
  integrity sha512-pWW2slN7lGlkx0MOEBoUGwRX5UgSCLq3dy2c8RIOpiHtA87xAUpDBvZK10MykbT+aMfXc0NI2lu1X+6kI34xng==

esbuild-linux-32@0.13.8:
  version "0.13.8"
  resolved "https://registry.yarnpkg.com/esbuild-linux-32/-/esbuild-linux-32-0.13.8.tgz#c537b67d7e694b60bfa2786581412838c6ba0284"
  integrity sha512-T0I0ueeKVO/Is0CAeSEOG9s2jeNNb8jrrMwG9QBIm3UU18MRB60ERgkS2uV3fZ1vP2F8i3Z2e3Zju4lg9dhVmw==

esbuild-linux-64@0.13.8:
  version "0.13.8"
  resolved "https://registry.yarnpkg.com/esbuild-linux-64/-/esbuild-linux-64-0.13.8.tgz#0092fc8a064001a777bfa0e3b425bb8be8f96e6a"
  integrity sha512-Bm8SYmFtvfDCIu9sjKppFXzRXn2BVpuCinU1ChTuMtdKI/7aPpXIrkqBNOgPTOQO9AylJJc1Zw6EvtKORhn64w==

esbuild-linux-arm64@0.13.8:
  version "0.13.8"
  resolved "https://registry.yarnpkg.com/esbuild-linux-arm64/-/esbuild-linux-arm64-0.13.8.tgz#5cd3f2bb924212971482e8dbc25c4afd09b28110"
  integrity sha512-X4pWZ+SL+FJ09chWFgRNO3F+YtvAQRcWh0uxKqZSWKiWodAB20flsW/OWFYLXBKiVCTeoGMvENZS/GeVac7+tQ==

esbuild-linux-arm@0.13.8:
  version "0.13.8"
  resolved "https://registry.yarnpkg.com/esbuild-linux-arm/-/esbuild-linux-arm-0.13.8.tgz#ad634f96bf2975536907aeb9fdb75a3194f4ddce"
  integrity sha512-4/HfcC40LJ4GPyboHA+db0jpFarTB628D1ifU+/5bunIgY+t6mHkJWyxWxAAE8wl/ZIuRYB9RJFdYpu1AXGPdg==

esbuild-linux-mips64le@0.13.8:
  version "0.13.8"
  resolved "https://registry.yarnpkg.com/esbuild-linux-mips64le/-/esbuild-linux-mips64le-0.13.8.tgz#57857edfebf9bf65766dc8be1637f2179c990572"
  integrity sha512-o7e0D+sqHKT31v+mwFircJFjwSKVd2nbkHEn4l9xQ1hLR+Bv8rnt3HqlblY3+sBdlrOTGSwz0ReROlKUMJyldA==

esbuild-linux-ppc64le@0.13.8:
  version "0.13.8"
  resolved "https://registry.yarnpkg.com/esbuild-linux-ppc64le/-/esbuild-linux-ppc64le-0.13.8.tgz#fdb82a059a5b86bb10fb42091b4ebcf488b9cd46"
  integrity sha512-eZSQ0ERsWkukJp2px/UWJHVNuy0lMoz/HZcRWAbB6reoaBw7S9vMzYNUnflfL3XA6WDs+dZn3ekHE4Y2uWLGig==

esbuild-netbsd-64@0.13.8:
  version "0.13.8"
  resolved "https://registry.yarnpkg.com/esbuild-netbsd-64/-/esbuild-netbsd-64-0.13.8.tgz#d7879e7123d3b2c04754ece8bd061aa6866deeff"
  integrity sha512-gZX4kP7gVvOrvX0ZwgHmbuHczQUwqYppxqtoyC7VNd80t5nBHOFXVhWo2Ad/Lms0E8b+wwgI/WjZFTCpUHOg9Q==

esbuild-openbsd-64@0.13.8:
  version "0.13.8"
  resolved "https://registry.yarnpkg.com/esbuild-openbsd-64/-/esbuild-openbsd-64-0.13.8.tgz#88b280b6cb0a3f6adb60abf27fc506c506a35cf0"
  integrity sha512-afzza308X4WmcebexbTzAgfEWt9MUkdTvwIa8xOu4CM2qGbl2LanqEl8/LUs8jh6Gqw6WsicEK52GPrS9wvkcw==

esbuild-sunos-64@0.13.8:
  version "0.13.8"
  resolved "https://registry.yarnpkg.com/esbuild-sunos-64/-/esbuild-sunos-64-0.13.8.tgz#229ae7c7703196a58acd0f0291ad9bebda815d63"
  integrity sha512-mWPZibmBbuMKD+LDN23LGcOZ2EawMYBONMXXHmbuxeT0XxCNwadbCVwUQ/2p5Dp5Kvf6mhrlIffcnWOiCBpiVw==

esbuild-windows-32@0.13.8:
  version "0.13.8"
  resolved "https://registry.yarnpkg.com/esbuild-windows-32/-/esbuild-windows-32-0.13.8.tgz#892d093e32a21c0c9135e5a0ffdc380aeb70e763"
  integrity sha512-QsZ1HnWIcnIEApETZWw8HlOhDSWqdZX2SylU7IzGxOYyVcX7QI06ety/aDcn437mwyO7Ph4RrbhB+2ntM8kX8A==

esbuild-windows-64@0.13.8:
  version "0.13.8"
  resolved "https://registry.yarnpkg.com/esbuild-windows-64/-/esbuild-windows-64-0.13.8.tgz#7defd8d79ae3bb7e6f53b65a7190be7daf901686"
  integrity sha512-76Fb57B9eE/JmJi1QmUW0tRLQZfGo0it+JeYoCDTSlbTn7LV44ecOHIMJSSgZADUtRMWT9z0Kz186bnaB3amSg==

esbuild-windows-arm64@0.13.8:
  version "0.13.8"
  resolved "https://registry.yarnpkg.com/esbuild-windows-arm64/-/esbuild-windows-arm64-0.13.8.tgz#e59ae004496fd8a5ab67bfc7945a2e47480d6fb9"
  integrity sha512-HW6Mtq5eTudllxY2YgT62MrVcn7oq2o8TAoAvDUhyiEmRmDY8tPwAhb1vxw5/cdkbukM3KdMYtksnUhF/ekWeg==

esbuild@^0.13.2:
  version "0.13.8"
  resolved "https://registry.yarnpkg.com/esbuild/-/esbuild-0.13.8.tgz#bd7cc51b881ab067789f88e17baca74724c1ec4f"
  integrity sha512-A4af7G7YZLfG5OnARJRMtlpEsCkq/zHZQXewgPA864l9D6VjjbH1SuFYK/OSV6BtHwDGkdwyRrX0qQFLnMfUcw==
  optionalDependencies:
    esbuild-android-arm64 "0.13.8"
    esbuild-darwin-64 "0.13.8"
    esbuild-darwin-arm64 "0.13.8"
    esbuild-freebsd-64 "0.13.8"
    esbuild-freebsd-arm64 "0.13.8"
    esbuild-linux-32 "0.13.8"
    esbuild-linux-64 "0.13.8"
    esbuild-linux-arm "0.13.8"
    esbuild-linux-arm64 "0.13.8"
    esbuild-linux-mips64le "0.13.8"
    esbuild-linux-ppc64le "0.13.8"
    esbuild-netbsd-64 "0.13.8"
    esbuild-openbsd-64 "0.13.8"
    esbuild-sunos-64 "0.13.8"
    esbuild-windows-32 "0.13.8"
    esbuild-windows-64 "0.13.8"
    esbuild-windows-arm64 "0.13.8"

eventemitter3@^3.1.0:
  version "3.1.2"
  resolved "https://registry.yarnpkg.com/eventemitter3/-/eventemitter3-3.1.2.tgz#2d3d48f9c346698fce83a85d7d664e98535df6e7"
  integrity sha512-tvtQIeLVHjDkJYnzf2dgVMxfuSGJeM/7UCG17TT4EumTfNtF+0nebF/4zWOIkCreAbtNqhGEboB6BWrwqNaw4Q==

fsevents@~2.3.2:
  version "2.3.2"
  resolved "https://registry.yarnpkg.com/fsevents/-/fsevents-2.3.2.tgz#8a526f78b8fdf4623b709e0b975c52c24c02fd1a"
  integrity sha512-xiqMQR4xAeHTuB9uWm+fFRcIOgKBMiOBP+eXiyT7jsgVCq1bkVygt00oASowB7EdtpOHaaPgKt812P9ab+DDKA==

function-bind@^1.1.1:
  version "1.1.1"
  resolved "https://registry.yarnpkg.com/function-bind/-/function-bind-1.1.1.tgz#a56899d3ea3c9bab874bb9773b7c5ede92f4895d"
  integrity sha512-yIovAzMX49sF8Yl58fSCWJ5svSLuaibPxXQJFLmBObTuCr0Mf1KiPopGM9NiFjiYBCbfaa2Fh6breQ6ANVTI0A==

has@^1.0.3:
  version "1.0.3"
  resolved "https://registry.yarnpkg.com/has/-/has-1.0.3.tgz#722d7cbfc1f6aa8241f16dd814e011e1f41e8796"
  integrity sha512-f2dvO0VU6Oej7RkWJGrehjbzMAjFp5/VKPp5tTpWIV4JHHZK1/BxbFRtf/siA2SWTe09caDmVtYYzWEIbBS4zw==
  dependencies:
    function-bind "^1.1.1"

is-core-module@^2.2.0:
  version "2.8.0"
  resolved "https://registry.yarnpkg.com/is-core-module/-/is-core-module-2.8.0.tgz#0321336c3d0925e497fd97f5d95cb114a5ccd548"
  integrity sha512-vd15qHsaqrRL7dtH6QNuy0ndJmRDrS9HAM1CAiSifNUFv4x1a0CCVsj18hJ1mShxIG6T2i1sO78MkP56r0nYRw==
  dependencies:
    has "^1.0.3"

ismobilejs@^1.1.0:
  version "1.1.1"
  resolved "https://registry.yarnpkg.com/ismobilejs/-/ismobilejs-1.1.1.tgz#c56ca0ae8e52b24ca0f22ba5ef3215a2ddbbaa0e"
  integrity sha512-VaFW53yt8QO61k2WJui0dHf4SlL8lxBofUuUmwBo0ljPk0Drz2TiuDW4jo3wDcv41qy/SxrJ+VAzJ/qYqsmzRw==

nanoid@^3.1.28:
  version "3.1.30"
  resolved "https://registry.yarnpkg.com/nanoid/-/nanoid-3.1.30.tgz#63f93cc548d2a113dc5dfbc63bfa09e2b9b64362"
  integrity sha512-zJpuPDwOv8D2zq2WRoMe1HsfZthVewpel9CAvTfc/2mBD1uUT/agc5f7GHGWXlYkFvi1mVxe4IjvP2HNrop7nQ==

object-assign@^4.1.1:
  version "4.1.1"
  resolved "https://registry.yarnpkg.com/object-assign/-/object-assign-4.1.1.tgz#2109adc7965887cfc05cbbd442cac8bfbb360863"
  integrity sha1-IQmtx5ZYh8/AXLvUQsrIv7s2CGM=

path-parse@^1.0.6:
  version "1.0.7"
  resolved "https://registry.yarnpkg.com/path-parse/-/path-parse-1.0.7.tgz#fbc114b60ca42b30d9daf5858e4bd68bbedb6735"
  integrity sha512-LDJzPVEEEPR+y48z93A0Ed0yXb8pAByGWo/k5YYdYgpY2/2EsOsksJrq7lOHxryrVOn1ejG6oAp8ahvOIQD8sw==

picocolors@^0.2.1:
  version "0.2.1"
  resolved "https://registry.yarnpkg.com/picocolors/-/picocolors-0.2.1.tgz#570670f793646851d1ba135996962abad587859f"
  integrity sha512-cMlDqaLEqfSaW8Z7N5Jw+lyIW869EzT73/F5lhtY9cLGoVxSXznfgfXMO0Z5K0o0Q2TkTXq+0KFsdnSe3jDViA==

pixi-filters@^4.1.5:
  version "4.1.5"
  resolved "https://registry.yarnpkg.com/pixi-filters/-/pixi-filters-4.1.5.tgz#2c34845b212f252285f59c0992db672dd1aa7ebb"
  integrity sha512-iE6QAL4504SVTXzD8DPcdEaB21S/f9DsBzAnEtwO+JMaNfKeVgUpF/dme4y/CRTkHbAvr8Ls8SA7SR7kp1NU9Q==
  dependencies:
    "@pixi/filter-adjustment" "4.1.3"
    "@pixi/filter-advanced-bloom" "4.1.5"
    "@pixi/filter-ascii" "4.1.5"
    "@pixi/filter-bevel" "4.1.5"
    "@pixi/filter-bloom" "4.1.5"
    "@pixi/filter-bulge-pinch" "4.1.5"
    "@pixi/filter-color-map" "4.1.5"
    "@pixi/filter-color-overlay" "4.1.5"
    "@pixi/filter-color-replace" "4.1.5"
    "@pixi/filter-convolution" "4.1.5"
    "@pixi/filter-cross-hatch" "4.1.3"
    "@pixi/filter-crt" "4.1.5"
    "@pixi/filter-dot" "4.1.5"
    "@pixi/filter-drop-shadow" "4.1.5"
    "@pixi/filter-emboss" "4.1.5"
    "@pixi/filter-glitch" "4.1.5"
    "@pixi/filter-glow" "4.1.5"
    "@pixi/filter-godray" "4.1.5"
    "@pixi/filter-kawase-blur" "4.1.5"
    "@pixi/filter-motion-blur" "4.1.5"
    "@pixi/filter-multi-color-replace" "4.1.5"
    "@pixi/filter-old-film" "4.1.5"
    "@pixi/filter-outline" "4.1.5"
    "@pixi/filter-pixelate" "4.1.3"
    "@pixi/filter-radial-blur" "4.1.5"
    "@pixi/filter-reflection" "4.1.5"
    "@pixi/filter-rgb-split" "4.1.3"
    "@pixi/filter-shockwave" "4.1.5"
    "@pixi/filter-simple-lightmap" "4.1.5"
    "@pixi/filter-tilt-shift" "4.1.5"
    "@pixi/filter-twist" "4.1.5"
    "@pixi/filter-zoom-blur" "4.1.5"

pixi.js@^6.1.3:
  version "6.1.3"
  resolved "https://registry.yarnpkg.com/pixi.js/-/pixi.js-6.1.3.tgz#b8ff7a7348dac1def839e7cb970c7efe3283e0fd"
  integrity sha512-h8Y/YVgP4CSPoUQvXaQvQf5GyQxi0b1NtVD38bZQsrX4CQ3r85jBU+zPyHN0fAcvhCB+nNvdD2sEwhhqkNsuSw==
  dependencies:
    "@pixi/accessibility" "6.1.3"
    "@pixi/app" "6.1.3"
    "@pixi/compressed-textures" "6.1.3"
    "@pixi/constants" "6.1.3"
    "@pixi/core" "6.1.3"
    "@pixi/display" "6.1.3"
    "@pixi/extract" "6.1.3"
    "@pixi/filter-alpha" "6.1.3"
    "@pixi/filter-blur" "6.1.3"
    "@pixi/filter-color-matrix" "6.1.3"
    "@pixi/filter-displacement" "6.1.3"
    "@pixi/filter-fxaa" "6.1.3"
    "@pixi/filter-noise" "6.1.3"
    "@pixi/graphics" "6.1.3"
    "@pixi/interaction" "6.1.3"
    "@pixi/loaders" "6.1.3"
    "@pixi/math" "6.1.3"
    "@pixi/mesh" "6.1.3"
    "@pixi/mesh-extras" "6.1.3"
    "@pixi/mixin-cache-as-bitmap" "6.1.3"
    "@pixi/mixin-get-child-by-name" "6.1.3"
    "@pixi/mixin-get-global-position" "6.1.3"
    "@pixi/particle-container" "6.1.3"
    "@pixi/polyfill" "6.1.3"
    "@pixi/prepare" "6.1.3"
    "@pixi/runner" "6.1.3"
    "@pixi/settings" "6.1.3"
    "@pixi/sprite" "6.1.3"
    "@pixi/sprite-animated" "6.1.3"
    "@pixi/sprite-tiling" "6.1.3"
    "@pixi/spritesheet" "6.1.3"
    "@pixi/text" "6.1.3"
    "@pixi/text-bitmap" "6.1.3"
    "@pixi/ticker" "6.1.3"
    "@pixi/utils" "6.1.3"

postcss@^8.3.8:
  version "8.3.9"
  resolved "https://registry.yarnpkg.com/postcss/-/postcss-8.3.9.tgz#98754caa06c4ee9eb59cc48bd073bb6bd3437c31"
  integrity sha512-f/ZFyAKh9Dnqytx5X62jgjhhzttjZS7hMsohcI7HEI5tjELX/HxCy3EFhsRxyzGvrzFF+82XPvCS8T9TFleVJw==
  dependencies:
    nanoid "^3.1.28"
    picocolors "^0.2.1"
    source-map-js "^0.6.2"

prettier@^2.4.1:
  version "2.4.1"
  resolved "https://registry.yarnpkg.com/prettier/-/prettier-2.4.1.tgz#671e11c89c14a4cfc876ce564106c4a6726c9f5c"
  integrity sha512-9fbDAXSBcc6Bs1mZrDYb3XKzDLm4EXXL9sC1LqKP5rZkT6KRr/rf9amVUcODVXgguK/isJz0d0hP72WeaKWsvA==

promise-polyfill@^8.2.0:
  version "8.2.0"
  resolved "https://registry.yarnpkg.com/promise-polyfill/-/promise-polyfill-8.2.0.tgz#367394726da7561457aba2133c9ceefbd6267da0"
  integrity sha512-k/TC0mIcPVF6yHhUvwAp7cvL6I2fFV7TzF1DuGPI8mBh4QQazf36xCKEHKTZKRysEoTQoQdKyP25J8MPJp7j5g==

punycode@1.3.2:
  version "1.3.2"
  resolved "https://registry.yarnpkg.com/punycode/-/punycode-1.3.2.tgz#9653a036fb7c1ee42342f2325cceefea3926c48d"
  integrity sha1-llOgNvt8HuQjQvIyXM7v6jkmxI0=

querystring@0.2.0:
  version "0.2.0"
  resolved "https://registry.yarnpkg.com/querystring/-/querystring-0.2.0.tgz#b209849203bb25df820da756e747005878521620"
  integrity sha1-sgmEkgO7Jd+CDadW50cAWHhSFiA=

resolve@^1.20.0:
  version "1.20.0"
  resolved "https://registry.yarnpkg.com/resolve/-/resolve-1.20.0.tgz#629a013fb3f70755d6f0b7935cc1c2c5378b1975"
  integrity sha512-wENBPt4ySzg4ybFQW2TT1zMQucPK95HSh/nq2CFTZVOGut2+pQvSsgtda4d26YrYcr067wjbmzOG8byDPBX63A==
  dependencies:
    is-core-module "^2.2.0"
    path-parse "^1.0.6"

rollup@^2.57.0:
  version "2.58.0"
  resolved "https://registry.yarnpkg.com/rollup/-/rollup-2.58.0.tgz#a643983365e7bf7f5b7c62a8331b983b7c4c67fb"
  integrity sha512-NOXpusKnaRpbS7ZVSzcEXqxcLDOagN6iFS8p45RkoiMqPHDLwJm758UF05KlMoCRbLBTZsPOIa887gZJ1AiXvw==
  optionalDependencies:
    fsevents "~2.3.2"

source-map-js@^0.6.2:
  version "0.6.2"
  resolved "https://registry.yarnpkg.com/source-map-js/-/source-map-js-0.6.2.tgz#0bb5de631b41cfbda6cfba8bd05a80efdfd2385e"
  integrity sha512-/3GptzWzu0+0MBQFrDKzw/DvvMTUORvgY6k6jd/VS6iCR4RDTKWH6v6WPwQoUO8667uQEf9Oe38DxAYWY5F/Ug==

url@^0.11.0:
  version "0.11.0"
  resolved "https://registry.yarnpkg.com/url/-/url-0.11.0.tgz#3838e97cfc60521eb73c525a8e55bfdd9e2e28f1"
  integrity sha1-ODjpfPxgUh63PFJajlW/3Z4uKPE=
  dependencies:
    punycode "1.3.2"
    querystring "0.2.0"

vite@^2.6.4:
  version "2.6.10"
  resolved "https://registry.yarnpkg.com/vite/-/vite-2.6.10.tgz#7a4f420c6e2c7d9062c7f9ce4578a817c72b3842"
  integrity sha512-XbevwpDJMs3lKiGEj0UQScsOCpwHIjFgfzPnFVkPgnxsF9oPv1uGyckLg58XkXv6LnO46KN9yZqJzINFmAxtUg==
  dependencies:
    esbuild "^0.13.2"
    postcss "^8.3.8"
    resolve "^1.20.0"
    rollup "^2.57.0"
  optionalDependencies:
    fsevents "~2.3.2"
